
Microsoft Visual Studio Solution File, Format Version 12.00
# Visual Studio Version 16
VisualStudioVersion = 16.0.30011.22
MinimumVisualStudioVersion = 10.0.40219.1
Project("{8BC9CEB8-8B4A-11D0-8D11-00A0C91BC942}") = "UefiVarMonitorExClient", "UefiVarMonitorExClient\UefiVarMonitorExClient.vcxproj", "{3E8F9F2C-043B-4047-B7D3-7D7CAF610C7E}"
EndProject
Global
	GlobalSection(SolutionConfigurationPlatforms) = preSolution
		Debug|x64 = Debug|x64
		Release|x64 = Release|x64
	EndGlobalSection
	GlobalSection(ProjectConfigurationPlatforms) = postSolution
		{3E8F9F2C-043B-4047-B7D3-7D7CAF610C7E}.Debug|x64.ActiveCfg = Debug|x64
		{3E8F9F2C-043B-4047-B7D3-7D7CAF610C7E}.Debug|x64.Build.0 = Debug|x64
		{3E8F9F2C-043B-4047-B7D3-7D7CAF610C7E}.Debug|x64.Deploy.0 = Debug|x64
		{3E8F9F2C-043B-4047-B7D3-7D7CAF610C7E}.Release|x64.ActiveCfg = Release|x64
		{3E8F9F2C-043B-4047-B7D3-7D7CAF610C7E}.Release|x64.Build.0 = Release|x64
		{3E8F9F2C-043B-4047-B7D3-7D7CAF610C7E}.Release|x64.Deploy.0 = Release|x64
	EndGlobalSection
	GlobalSection(SolutionProperties) = preSolution
		HideSolutionNode = FALSE
	EndGlobalSection
	GlobalSection(ExtensibilityGlobals) = postSolution
		SolutionGuid = {2FACD59B-4D1D-4F99-9205-5CF39D0B0F6D}
	EndGlobalSection
EndGlobal
